{
  "name": "@bitcoin-desktop/bitcoin-mesh",
  "version": "0.0.10",
  "lockfileVersion": 3,
  "requires": true,
  "packages": {
    "": {
      "name": "@bitcoin-desktop/bitcoin-mesh",
      "version": "0.0.10",
      "license": "MIT",
      "dependencies": {
        "@bitcoin-desktop/schema": "github:bitcoin-desktop/schema#gh-pages"
      }
    },
    "node_modules/@bitcoin-desktop/schema": {
      "version": "0.0.17",
      "resolved": "git+ssh://git@github.com/bitcoin-desktop/schema.git#6b05dd35bdccdcbe6404f27b54edc28ae7cdddcb",
      "license": "MIT"
    }
  }
}
