{
  "name": "@bitcoin-desktop/bitcoin-mesh",
  "version": "0.0.9",
  "lockfileVersion": 3,
  "requires": true,
  "packages": {
    "": {
      "name": "@bitcoin-desktop/bitcoin-mesh",
      "version": "0.0.9",
      "license": "MIT",
      "dependencies": {
        "@bitcoin-desktop/schema": "github:bitcoin-desktop/schema#gh-pages"
      }
    },
    "node_modules/@bitcoin-desktop/schema": {
      "version": "0.0.16",
      "resolved": "git+ssh://git@github.com/bitcoin-desktop/schema.git#dd8d3c1093c7599827f950af372cd95d16ba2580",
      "license": "MIT"
    }
  }
}
