{
  "name": "@bitcoin-desktop/bitcoin-mesh",
  "version": "0.0.1",
  "lockfileVersion": 3,
  "requires": true,
  "packages": {
    "": {
      "name": "@bitcoin-desktop/bitcoin-mesh",
      "version": "0.0.1",
      "license": "MIT",
      "dependencies": {
        "@bitcoin-desktop/schema": "github:bitcoin-desktop/schema#gh-pages"
      }
    },
    "node_modules/@bitcoin-desktop/schema": {
      "version": "0.0.14",
      "resolved": "git+ssh://git@github.com/bitcoin-desktop/schema.git#ffe508c5e92082dd5fbc99838f2feaf8b558c24e",
      "license": "MIT"
    }
  }
}
